github.com/zavla/dblist/v3 v3.0.3-0.20210831102458-6761d2afce4a h1:UxhSuvJP+Mkv9h3+kHm86lDzRT2KErtm8EpOssAfu+g=
github.com/zavla/dblist/v3 v3.0.3-0.20210831102458-6761d2afce4a/go.mod h1:Gyjd0CiYKx+vQx8C/Lm/IwtAuZkWsfsRmfel5oQIj7c=
golang.org/x/sys v0.0.0-20190222072716-a9d3bda3a223/go.mod h1:STP8DvDyc/dI5b8T5hshtkjS+E42TnysNCUPdjciGhY=
golang.org/x/sys v0.1.0 h1:kunALQeHf1/185U1i0GOB/fy1IPRDDpuoOOqRReG57U=
golang.org/x/sys v0.1.0/go.mod h1:oPkhp1MJrh7nUepCBck5+mAzfO9JrbApNNgaTdGDITg=
