github.com/sqs/goreturns v0.0.0-20181028201513-538ac6014518 h1:iD+PFTQwKEmbwSdwfvP5ld2WEI/g7qbdhmHJ2ASfYGs=
github.com/sqs/goreturns v0.0.0-20181028201513-538ac6014518/go.mod h1:CKI4AZ4XmGV240rTHfO0hfE83S6/a3/Q1siZJ/vXf7A=
github.com/zavla/dblist v2.0.1+incompatible h1:yVQeaovcNs4SZgTtWSV535gC3uteSWKyS6k1U/hqMWE=
github.com/zavla/dblist v3.0.0+incompatible h1:CTILXVwTABu3vq0fkw3ZvzQkIEBM2Ltwwa5L3HQ2FZg=
github.com/zavla/dblist v3.0.0+incompatible/go.mod h1:7/b5SrIYMJ/i8s79i8GXIub7PGHIYasibs+MU7X6CVM=
github.com/zavla/dblist/v2 v2.0.1 h1:uZs4IJRzXfpui3hAci5b/BPcxQuh8MYvgvNkiFBVZvc=
github.com/zavla/dblist/v2 v2.0.1/go.mod h1:IA1N3nX+DcTO2k24vQ7SFAILspeQp7e8dwY4o7Is2EA=
github.com/zavla/dblist/v3 v3.0.0-20200221165736-a44997e2237c h1:dJGpf51noguoaIS8XmlVXX6sA/+PeRgMv/94ZyYde0Y=
github.com/zavla/dblist/v3 v3.0.0-20200221165736-a44997e2237c/go.mod h1:txBAtQRvDEgwboFq/d6Fsx1zEYNfCFQEIOG0G8lrUz0=
github.com/zavla/dblist/v3 v3.0.0 h1:k+5baX8NflR9R+Yky/OYACthQHHu+xakwwUR7abb0bE=
github.com/zavla/dblist/v3 v3.0.0/go.mod h1:50zyWn745NnNN3Uj4/sBK0oMFSZ4DhSAb+0Fta1jdLY=
github.com/zavla/dblist/v3 v3.0.1 h1:bgCvxxEG6Pmf1h0NnZXJ9nB30vCKSWYspidqfm+RgW0=
github.com/zavla/dblist/v3 v3.0.1/go.mod h1:50zyWn745NnNN3Uj4/sBK0oMFSZ4DhSAb+0Fta1jdLY=
golang.org/x/sys v0.0.0-20190222072716-a9d3bda3a223 h1:DH4skfRX4EBpamg7iV4ZlCpblAHI6s6TDM39bFZumv8=
golang.org/x/sys v0.0.0-20190222072716-a9d3bda3a223/go.mod h1:STP8DvDyc/dI5b8T5hshtkjS+E42TnysNCUPdjciGhY=
golang.org/x/sys v0.0.0-20200331124033-c3d80250170d h1:nc5K6ox/4lTFbMVSL9WRR81ixkcwXThoiF6yf+R9scA=
golang.org/x/sys v0.0.0-20200331124033-c3d80250170d/go.mod h1:h1NjWce9XRLGQEsW7wpKNCjG9DtNlClVuFLEZdDNbEs=
golang.org/x/sys v0.0.0-20210809222454-d867a43fc93e h1:WUoyKPm6nCo1BnNUvPGnFG3T5DUVem42yDJZZ4CNxMA=
golang.org/x/sys v0.0.0-20210809222454-d867a43fc93e/go.mod h1:oPkhp1MJrh7nUepCBck5+mAzfO9JrbApNNgaTdGDITg=
golang.org/x/sys v0.0.0-20210816071009-649d0fc2fce7 h1:6u+GIwN8jh671LJDxW1hiTRtkpCN1xsKfUlj5acR4Oo=
golang.org/x/sys v0.0.0-20210816071009-649d0fc2fce7/go.mod h1:oPkhp1MJrh7nUepCBck5+mAzfO9JrbApNNgaTdGDITg=
